
Microsoft Visual Studio Solution File, Format Version 12.00
# Visual Studio Version 17
VisualStudioVersion = 17.1.32228.430
MinimumVisualStudioVersion = 10.0.40219.1
Project("{FAE04EC0-301F-11D3-BF4B-00C04F79EFBC}") = "AzureDigitalTwinClient", "AzureDigitalTwinClient\AzureDigitalTwinClient.csproj", "{AED0E123-81F5-41F3-882B-FC959D92CFA0}"
EndProject
Project("{2150E333-8FDC-42A3-9474-1A3956D46DE8}") = "Solution Items", "Solution Items", "{071E8721-24B4-409C-95EF-76B7B6BF6A15}"
	ProjectSection(SolutionItems) = preProject
		.editorconfig = .editorconfig
	EndProjectSection
EndProject
Global
	GlobalSection(SolutionConfigurationPlatforms) = preSolution
		Debug|Any CPU = Debug|Any CPU
		Release|Any CPU = Release|Any CPU
	EndGlobalSection
	GlobalSection(ProjectConfigurationPlatforms) = postSolution
		{AED0E123-81F5-41F3-882B-FC959D92CFA0}.Debug|Any CPU.ActiveCfg = Debug|Any CPU
		{AED0E123-81F5-41F3-882B-FC959D92CFA0}.Debug|Any CPU.Build.0 = Debug|Any CPU
		{AED0E123-81F5-41F3-882B-FC959D92CFA0}.Release|Any CPU.ActiveCfg = Release|Any CPU
		{AED0E123-81F5-41F3-882B-FC959D92CFA0}.Release|Any CPU.Build.0 = Release|Any CPU
	EndGlobalSection
	GlobalSection(SolutionProperties) = preSolution
		HideSolutionNode = FALSE
	EndGlobalSection
	GlobalSection(ExtensibilityGlobals) = postSolution
		SolutionGuid = {4ADF005B-DEBC-4402-90A2-FFE29840E680}
	EndGlobalSection
EndGlobal
